
Microsoft Visual Studio Solution File, Format Version 12.00
# Visual Studio Version 17
VisualStudioVersion = 17.10.34928.147
MinimumVisualStudioVersion = 10.0.40219.1
Project("{888888A0-9F3D-457C-B088-3A5042F75D52}") = "datchiki", "datchiki\datchiki.pyproj", "{5C5ED33C-F76E-47B3-ADD3-6B055AD2335A}"
EndProject
Global
	GlobalSection(SolutionConfigurationPlatforms) = preSolution
		Debug|Any CPU = Debug|Any CPU
		Release|Any CPU = Release|Any CPU
	EndGlobalSection
	GlobalSection(ProjectConfigurationPlatforms) = postSolution
		{5C5ED33C-F76E-47B3-ADD3-6B055AD2335A}.Debug|Any CPU.ActiveCfg = Debug|Any CPU
		{5C5ED33C-F76E-47B3-ADD3-6B055AD2335A}.Release|Any CPU.ActiveCfg = Release|Any CPU
	EndGlobalSection
	GlobalSection(SolutionProperties) = preSolution
		HideSolutionNode = FALSE
	EndGlobalSection
	GlobalSection(ExtensibilityGlobals) = postSolution
		SolutionGuid = {A537B60D-99FC-4987-83A1-14B82855B5C8}
	EndGlobalSection
EndGlobal
